
Microsoft Visual Studio Solution File, Format Version 12.00
# Visual Studio Version 17
VisualStudioVersion = 17.1.32228.430
MinimumVisualStudioVersion = 10.0.40219.1
Project("{FAE04EC0-301F-11D3-BF4B-00C04F79EFBC}") = "LeetCode", "LeetCode\LeetCode.csproj", "{DA8677E5-1667-417D-A699-9E0B69DFFBD5}"
EndProject
Project("{FAE04EC0-301F-11D3-BF4B-00C04F79EFBC}") = "LeetCode.UnitTest", "LeetCode.UnitTest\LeetCode.UnitTest.csproj", "{176CA4DD-D98D-43DB-9416-400F31CD0D8A}"
EndProject
Global
	GlobalSection(SolutionConfigurationPlatforms) = preSolution
		Debug|Any CPU = Debug|Any CPU
		Release|Any CPU = Release|Any CPU
	EndGlobalSection
	GlobalSection(ProjectConfigurationPlatforms) = postSolution
		{DA8677E5-1667-417D-A699-9E0B69DFFBD5}.Debug|Any CPU.ActiveCfg = Debug|Any CPU
		{DA8677E5-1667-417D-A699-9E0B69DFFBD5}.Debug|Any CPU.Build.0 = Debug|Any CPU
		{DA8677E5-1667-417D-A699-9E0B69DFFBD5}.Release|Any CPU.ActiveCfg = Release|Any CPU
		{DA8677E5-1667-417D-A699-9E0B69DFFBD5}.Release|Any CPU.Build.0 = Release|Any CPU
		{176CA4DD-D98D-43DB-9416-400F31CD0D8A}.Debug|Any CPU.ActiveCfg = Debug|Any CPU
		{176CA4DD-D98D-43DB-9416-400F31CD0D8A}.Debug|Any CPU.Build.0 = Debug|Any CPU
		{176CA4DD-D98D-43DB-9416-400F31CD0D8A}.Release|Any CPU.ActiveCfg = Release|Any CPU
		{176CA4DD-D98D-43DB-9416-400F31CD0D8A}.Release|Any CPU.Build.0 = Release|Any CPU
	EndGlobalSection
	GlobalSection(SolutionProperties) = preSolution
		HideSolutionNode = FALSE
	EndGlobalSection
	GlobalSection(ExtensibilityGlobals) = postSolution
		SolutionGuid = {A1C71256-4DE8-4A30-83F5-5310D1F4CFE4}
	EndGlobalSection
EndGlobal
